
Microsoft Visual Studio Solution File, Format Version 12.00
# Visual Studio Version 17
VisualStudioVersion = 17.6.33815.320
MinimumVisualStudioVersion = 10.0.40219.1
Project("{FAE04EC0-301F-11D3-BF4B-00C04F79EFBC}") = "csillagok", "csillagok\csillagok.csproj", "{79CEEF1F-D747-4D93-9BD7-4E714E3C78DE}"
EndProject
Global
	GlobalSection(SolutionConfigurationPlatforms) = preSolution
		Debug|Any CPU = Debug|Any CPU
		Release|Any CPU = Release|Any CPU
	EndGlobalSection
	GlobalSection(ProjectConfigurationPlatforms) = postSolution
		{79CEEF1F-D747-4D93-9BD7-4E714E3C78DE}.Debug|Any CPU.ActiveCfg = Debug|Any CPU
		{79CEEF1F-D747-4D93-9BD7-4E714E3C78DE}.Debug|Any CPU.Build.0 = Debug|Any CPU
		{79CEEF1F-D747-4D93-9BD7-4E714E3C78DE}.Release|Any CPU.ActiveCfg = Release|Any CPU
		{79CEEF1F-D747-4D93-9BD7-4E714E3C78DE}.Release|Any CPU.Build.0 = Release|Any CPU
	EndGlobalSection
	GlobalSection(SolutionProperties) = preSolution
		HideSolutionNode = FALSE
	EndGlobalSection
	GlobalSection(ExtensibilityGlobals) = postSolution
		SolutionGuid = {2A985D97-B6CE-4D0A-A32F-ACDFA4811D9B}
	EndGlobalSection
EndGlobal
